// !$*UTF8*$!
{
	archiveVersion = 1;
	classes = {
	};
	objectVersion = 50;
	objects = {

/* Begin PBXBuildFile section */
		85B654D921BEFCA500F4BC75 /* AppDelegate.swift in Sources */ = {isa = PBXBuildFile; fileRef = 85B654D821BEFCA500F4BC75 /* AppDelegate.swift */; };
		85B654DE21BEFCA500F4BC75 /* Main.storyboard in Resources */ = {isa = PBXBuildFile; fileRef = 85B654DC21BEFCA500F4BC75 /* Main.storyboard */; };
		85B654E121BEFCA500F4BC75 /* CoderGirlFinal.xcdatamodeld in Sources */ = {isa = PBXBuildFile; fileRef = 85B654DF21BEFCA500F4BC75 /* CoderGirlFinal.xcdatamodeld */; };
		85B654E321BEFCA800F4BC75 /* Assets.xcassets in Resources */ = {isa = PBXBuildFile; fileRef = 85B654E221BEFCA800F4BC75 /* Assets.xcassets */; };
		85B654E621BEFCA800F4BC75 /* LaunchScreen.storyboard in Resources */ = {isa = PBXBuildFile; fileRef = 85B654E421BEFCA800F4BC75 /* LaunchScreen.storyboard */; };
		85B654F121BEFCA800F4BC75 /* CoderGirlFinalTests.swift in Sources */ = {isa = PBXBuildFile; fileRef = 85B654F021BEFCA800F4BC75 /* CoderGirlFinalTests.swift */; };
		85B654FC21BEFCA800F4BC75 /* CoderGirlFinalUITests.swift in Sources */ = {isa = PBXBuildFile; fileRef = 85B654FB21BEFCA800F4BC75 /* CoderGirlFinalUITests.swift */; };
		85B6550A21C1E5C800F4BC75 /* ListViewController.swift in Sources */ = {isa = PBXBuildFile; fileRef = 85B6550921C1E5C800F4BC75 /* ListViewController.swift */; };
		85B6550C21C1ED5400F4BC75 /* MyCustomCell.swift in Sources */ = {isa = PBXBuildFile; fileRef = 85B6550B21C1ED5400F4BC75 /* MyCustomCell.swift */; };
		85C3B1B421D9CC4000AAE60E /* FirstViewController.swift in Sources */ = {isa = PBXBuildFile; fileRef = 85C3B1B321D9CC3F00AAE60E /* FirstViewController.swift */; };
		85C3B1B621D9CC5100AAE60E /* SecondViewController.swift in Sources */ = {isa = PBXBuildFile; fileRef = 85C3B1B521D9CC5100AAE60E /* SecondViewController.swift */; };
/* End PBXBuildFile section */

/* Begin PBXContainerItemProxy section */
		85B654ED21BEFCA800F4BC75 /* PBXContainerItemProxy */ = {
			isa = PBXContainerItemProxy;
			containerPortal = 85B654CD21BEFCA500F4BC75 /* Project object */;
			proxyType = 1;
			remoteGlobalIDString = 85B654D421BEFCA500F4BC75;
			remoteInfo = CoderGirlFinal;
		};
		85B654F821BEFCA800F4BC75 /* PBXContainerItemProxy */ = {
			isa = PBXContainerItemProxy;
			containerPortal = 85B654CD21BEFCA500F4BC75 /* Project object */;
			proxyType = 1;
			remoteGlobalIDString = 85B654D421BEFCA500F4BC75;
			remoteInfo = CoderGirlFinal;
		};
/* End PBXContainerItemProxy section */

/* Begin PBXFileReference section */
		85B654D521BEFCA500F4BC75 /* CoderGirlFinal.app */ = {isa = PBXFileReference; explicitFileType = wrapper.application; includeInIndex = 0; path = CoderGirlFinal.app; sourceTree = BUILT_PRODUCTS_DIR; };
		85B654D821BEFCA500F4BC75 /* AppDelegate.swift */ = {isa = PBXFileReference; lastKnownFileType = sourcecode.swift; path = AppDelegate.swift; sourceTree = "<group>"; };
		85B654DD21BEFCA500F4BC75 /* Base */ = {isa = PBXFileReference; lastKnownFileType = file.storyboard; name = Base; path = Base.lproj/Main.storyboard; sourceTree = "<group>"; };
		85B654E021BEFCA500F4BC75 /* CoderGirlFinal.xcdatamodel */ = {isa = PBXFileReference; lastKnownFileType = wrapper.xcdatamodel; path = CoderGirlFinal.xcdatamodel; sourceTree = "<group>"; };
		85B654E221BEFCA800F4BC75 /* Assets.xcassets */ = {isa = PBXFileReference; lastKnownFileType = folder.assetcatalog; path = Assets.xcassets; sourceTree = "<group>"; };
		85B654E521BEFCA800F4BC75 /* Base */ = {isa = PBXFileReference; lastKnownFileType = file.storyboard; name = Base; path = Base.lproj/LaunchScreen.storyboard; sourceTree = "<group>"; };
		85B654E721BEFCA800F4BC75 /* Info.plist */ = {isa = PBXFileReference; lastKnownFileType = text.plist.xml; path = Info.plist; sourceTree = "<group>"; };
		85B654EC21BEFCA800F4BC75 /* CoderGirlFinalTests.xctest */ = {isa = PBXFileReference; explicitFileType = wrapper.cfbundle; includeInIndex = 0; path = CoderGirlFinalTests.xctest; sourceTree = BUILT_PRODUCTS_DIR; };
		85B654F021BEFCA800F4BC75 /* CoderGirlFinalTests.swift */ = {isa = PBXFileReference; lastKnownFileType = sourcecode.swift; path = CoderGirlFinalTests.swift; sourceTree = "<group>"; };
		85B654F221BEFCA800F4BC75 /* Info.plist */ = {isa = PBXFileReference; lastKnownFileType = text.plist.xml; path = Info.plist; sourceTree = "<group>"; };
		85B654F721BEFCA800F4BC75 /* CoderGirlFinalUITests.xctest */ = {isa = PBXFileReference; explicitFileType = wrapper.cfbundle; includeInIndex = 0; path = CoderGirlFinalUITests.xctest; sourceTree = BUILT_PRODUCTS_DIR; };
		85B654FB21BEFCA800F4BC75 /* CoderGirlFinalUITests.swift */ = {isa = PBXFileReference; lastKnownFileType = sourcecode.swift; path = CoderGirlFinalUITests.swift; sourceTree = "<group>"; };
		85B654FD21BEFCA800F4BC75 /* Info.plist */ = {isa = PBXFileReference; lastKnownFileType = text.plist.xml; path = Info.plist; sourceTree = "<group>"; };
		85B6550921C1E5C800F4BC75 /* ListViewController.swift */ = {isa = PBXFileReference; lastKnownFileType = sourcecode.swift; path = ListViewController.swift; sourceTree = "<group>"; };
		85B6550B21C1ED5400F4BC75 /* MyCustomCell.swift */ = {isa = PBXFileReference; lastKnownFileType = sourcecode.swift; path = MyCustomCell.swift; sourceTree = "<group>"; };
		85C3B1B321D9CC3F00AAE60E /* FirstViewController.swift */ = {isa = PBXFileReference; lastKnownFileType = sourcecode.swift; path = FirstViewController.swift; sourceTree = "<group>"; };
		85C3B1B521D9CC5100AAE60E /* SecondViewController.swift */ = {isa = PBXFileReference; lastKnownFileType = sourcecode.swift; path = SecondViewController.swift; sourceTree = "<group>"; };
/* End PBXFileReference section */

/* Begin PBXFrameworksBuildPhase section */
		85B654D221BEFCA500F4BC75 /* Frameworks */ = {
			isa = PBXFrameworksBuildPhase;
			buildActionMask = 2147483647;
			files = (
			);
			runOnlyForDeploymentPostprocessing = 0;
		};
		85B654E921BEFCA800F4BC75 /* Frameworks */ = {
			isa = PBXFrameworksBuildPhase;
			buildActionMask = 2147483647;
			files = (
			);
			runOnlyForDeploymentPostprocessing = 0;
		};
		85B654F421BEFCA800F4BC75 /* Frameworks */ = {
			isa = PBXFrameworksBuildPhase;
			buildActionMask = 2147483647;
			files = (
			);
			runOnlyForDeploymentPostprocessing = 0;
		};
/* End PBXFrameworksBuildPhase section */

/* Begin PBXGroup section */
		85B654CC21BEFCA500F4BC75 = {
			isa = PBXGroup;
			children = (
				85B654D721BEFCA500F4BC75 /* CoderGirlFinal */,
				85B654EF21BEFCA800F4BC75 /* CoderGirlFinalTests */,
				85B654FA21BEFCA800F4BC75 /* CoderGirlFinalUITests */,
				85B654D621BEFCA500F4BC75 /* Products */,
			);
			sourceTree = "<group>";
		};
		85B654D621BEFCA500F4BC75 /* Products */ = {
			isa = PBXGroup;
			children = (
				85B654D521BEFCA500F4BC75 /* CoderGirlFinal.app */,
				85B654EC21BEFCA800F4BC75 /* CoderGirlFinalTests.xctest */,
				85B654F721BEFCA800F4BC75 /* CoderGirlFinalUITests.xctest */,
			);
			name = Products;
			sourceTree = "<group>";
		};
		85B654D721BEFCA500F4BC75 /* CoderGirlFinal */ = {
			isa = PBXGroup;
			children = (
				85B654D821BEFCA500F4BC75 /* AppDelegate.swift */,
				85B6551121CAA62F00F4BC75 /* Controllers */,
				85B6551221CAA63600F4BC75 /* Views */,
				85B6551021CAA61800F4BC75 /* Data Model */,
				85B6551321CAA64C00F4BC75 /* Supporting Files */,
				85B654DF21BEFCA500F4BC75 /* CoderGirlFinal.xcdatamodeld */,
				85B654E221BEFCA800F4BC75 /* Assets.xcassets */,
				85B654E721BEFCA800F4BC75 /* Info.plist */,
			);
			path = CoderGirlFinal;
			sourceTree = "<group>";
		};
		85B654EF21BEFCA800F4BC75 /* CoderGirlFinalTests */ = {
			isa = PBXGroup;
			children = (
				85B654F021BEFCA800F4BC75 /* CoderGirlFinalTests.swift */,
				85B654F221BEFCA800F4BC75 /* Info.plist */,
			);
			path = CoderGirlFinalTests;
			sourceTree = "<group>";
		};
		85B654FA21BEFCA800F4BC75 /* CoderGirlFinalUITests */ = {
			isa = PBXGroup;
			children = (
				85B654FB21BEFCA800F4BC75 /* CoderGirlFinalUITests.swift */,
				85B654FD21BEFCA800F4BC75 /* Info.plist */,
			);
			path = CoderGirlFinalUITests;
			sourceTree = "<group>";
		};
		85B6551021CAA61800F4BC75 /* Data Model */ = {
			isa = PBXGroup;
			children = (
			);
			path = "Data Model";
			sourceTree = "<group>";
		};
		85B6551121CAA62F00F4BC75 /* Controllers */ = {
			isa = PBXGroup;
			children = (
				85B6550B21C1ED5400F4BC75 /* MyCustomCell.swift */,
				85B6550921C1E5C800F4BC75 /* ListViewController.swift */,
				85C3B1B321D9CC3F00AAE60E /* FirstViewController.swift */,
				85C3B1B521D9CC5100AAE60E /* SecondViewController.swift */,
			);
			path = Controllers;
			sourceTree = "<group>";
		};
		85B6551221CAA63600F4BC75 /* Views */ = {
			isa = PBXGroup;
			children = (
				85B654E421BEFCA800F4BC75 /* LaunchScreen.storyboard */,
				85B654DC21BEFCA500F4BC75 /* Main.storyboard */,
			);
			path = Views;
			sourceTree = "<group>";
		};
		85B6551321CAA64C00F4BC75 /* Supporting Files */ = {
			isa = PBXGroup;
			children = (
			);
			path = "Supporting Files";
			sourceTree = "<group>";
		};
/* End PBXGroup section */

/* Begin PBXNativeTarget section */
		85B654D421BEFCA500F4BC75 /* CoderGirlFinal */ = {
			isa = PBXNativeTarget;
			buildConfigurationList = 85B6550021BEFCA800F4BC75 /* Build configuration list for PBXNativeTarget "CoderGirlFinal" */;
			buildPhases = (
				85B654D121BEFCA500F4BC75 /* Sources */,
				85B654D221BEFCA500F4BC75 /* Frameworks */,
				85B654D321BEFCA500F4BC75 /* Resources */,
			);
			buildRules = (
			);
			dependencies = (
			);
			name = CoderGirlFinal;
			productName = CoderGirlFinal;
			productReference = 85B654D521BEFCA500F4BC75 /* CoderGirlFinal.app */;
			productType = "com.apple.product-type.application";
		};
		85B654EB21BEFCA800F4BC75 /* CoderGirlFinalTests */ = {
			isa = PBXNativeTarget;
			buildConfigurationList = 85B6550321BEFCA800F4BC75 /* Build configuration list for PBXNativeTarget "CoderGirlFinalTests" */;
			buildPhases = (
				85B654E821BEFCA800F4BC75 /* Sources */,
				85B654E921BEFCA800F4BC75 /* Frameworks */,
				85B654EA21BEFCA800F4BC75 /* Resources */,
			);
			buildRules = (
			);
			dependencies = (
				85B654EE21BEFCA800F4BC75 /* PBXTargetDependency */,
			);
			name = CoderGirlFinalTests;
			productName = CoderGirlFinalTests;
			productReference = 85B654EC21BEFCA800F4BC75 /* CoderGirlFinalTests.xctest */;
			productType = "com.apple.product-type.bundle.unit-test";
		};
		85B654F621BEFCA800F4BC75 /* CoderGirlFinalUITests */ = {
			isa = PBXNativeTarget;
			buildConfigurationList = 85B6550621BEFCA800F4BC75 /* Build configuration list for PBXNativeTarget "CoderGirlFinalUITests" */;
			buildPhases = (
				85B654F321BEFCA800F4BC75 /* Sources */,
				85B654F421BEFCA800F4BC75 /* Frameworks */,
				85B654F521BEFCA800F4BC75 /* Resources */,
			);
			buildRules = (
			);
			dependencies = (
				85B654F921BEFCA800F4BC75 /* PBXTargetDependency */,
			);
			name = CoderGirlFinalUITests;
			productName = CoderGirlFinalUITests;
			productReference = 85B654F721BEFCA800F4BC75 /* CoderGirlFinalUITests.xctest */;
			productType = "com.apple.product-type.bundle.ui-testing";
		};
/* End PBXNativeTarget section */

/* Begin PBXProject section */
		85B654CD21BEFCA500F4BC75 /* Project object */ = {
			isa = PBXProject;
			attributes = {
				LastSwiftUpdateCheck = 1000;
				LastUpgradeCheck = 1000;
				ORGANIZATIONNAME = "iOS Class";
				TargetAttributes = {
					85B654D421BEFCA500F4BC75 = {
						CreatedOnToolsVersion = 10.0;
					};
					85B654EB21BEFCA800F4BC75 = {
						CreatedOnToolsVersion = 10.0;
						TestTargetID = 85B654D421BEFCA500F4BC75;
					};
					85B654F621BEFCA800F4BC75 = {
						CreatedOnToolsVersion = 10.0;
						TestTargetID = 85B654D421BEFCA500F4BC75;
					};
				};
			};
			buildConfigurationList = 85B654D021BEFCA500F4BC75 /* Build configuration list for PBXProject "CoderGirlFinal" */;
			compatibilityVersion = "Xcode 9.3";
			developmentRegion = en;
			hasScannedForEncodings = 0;
			knownRegions = (
				en,
				Base,
			);
			mainGroup = 85B654CC21BEFCA500F4BC75;
			productRefGroup = 85B654D621BEFCA500F4BC75 /* Products */;
			projectDirPath = "";
			projectRoot = "";
			targets = (
				85B654D421BEFCA500F4BC75 /* CoderGirlFinal */,
				85B654EB21BEFCA800F4BC75 /* CoderGirlFinalTests */,
				85B654F621BEFCA800F4BC75 /* CoderGirlFinalUITests */,
			);
		};
/* End PBXProject section */

/* Begin PBXResourcesBuildPhase section */
		85B654D321BEFCA500F4BC75 /* Resources */ = {
			isa = PBXResourcesBuildPhase;
			buildActionMask = 2147483647;
			files = (
				85B654E621BEFCA800F4BC75 /* LaunchScreen.storyboard in Resources */,
				85B654E321BEFCA800F4BC75 /* Assets.xcassets in Resources */,
				85B654DE21BEFCA500F4BC75 /* Main.storyboard in Resources */,
			);
			runOnlyForDeploymentPostprocessing = 0;
		};
		85B654EA21BEFCA800F4BC75 /* Resources */ = {
			isa = PBXResourcesBuildPhase;
			buildActionMask = 2147483647;
			files = (
			);
			runOnlyForDeploymentPostprocessing = 0;
		};
		85B654F521BEFCA800F4BC75 /* Resources */ = {
			isa = PBXResourcesBuildPhase;
			buildActionMask = 2147483647;
			files = (
			);
			runOnlyForDeploymentPostprocessing = 0;
		};
/* End PBXResourcesBuildPhase section */

/* Begin PBXSourcesBuildPhase section */
		85B654D121BEFCA500F4BC75 /* Sources */ = {
			isa = PBXSourcesBuildPhase;
			buildActionMask = 2147483647;
			files = (
				85C3B1B621D9CC5100AAE60E /* SecondViewController.swift in Sources */,
				85C3B1B421D9CC4000AAE60E /* FirstViewController.swift in Sources */,
				85B654E121BEFCA500F4BC75 /* CoderGirlFinal.xcdatamodeld in Sources */,
				85B654D921BEFCA500F4BC75 /* AppDelegate.swift in Sources */,
				85B6550C21C1ED5400F4BC75 /* MyCustomCell.swift in Sources */,
				85B6550A21C1E5C800F4BC75 /* ListViewController.swift in Sources */,
			);
			runOnlyForDeploymentPostprocessing = 0;
		};
		85B654E821BEFCA800F4BC75 /* Sources */ = {
			isa = PBXSourcesBuildPhase;
			buildActionMask = 2147483647;
			files = (
				85B654F121BEFCA800F4BC75 /* CoderGirlFinalTests.swift in Sources */,
			);
			runOnlyForDeploymentPostprocessing = 0;
		};
		85B654F321BEFCA800F4BC75 /* Sources */ = {
			isa = PBXSourcesBuildPhase;
			buildActionMask = 2147483647;
			files = (
				85B654FC21BEFCA800F4BC75 /* CoderGirlFinalUITests.swift in Sources */,
			);
			runOnlyForDeploymentPostprocessing = 0;
		};
/* End PBXSourcesBuildPhase section */

/* Begin PBXTargetDependency section */
		85B654EE21BEFCA800F4BC75 /* PBXTargetDependency */ = {
			isa = PBXTargetDependency;
			target = 85B654D421BEFCA500F4BC75 /* CoderGirlFinal */;
			targetProxy = 85B654ED21BEFCA800F4BC75 /* PBXContainerItemProxy */;
		};
		85B654F921BEFCA800F4BC75 /* PBXTargetDependency */ = {
			isa = PBXTargetDependency;
			target = 85B654D421BEFCA500F4BC75 /* CoderGirlFinal */;
			targetProxy = 85B654F821BEFCA800F4BC75 /* PBXContainerItemProxy */;
		};
/* End PBXTargetDependency section */

/* Begin PBXVariantGroup section */
		85B654DC21BEFCA500F4BC75 /* Main.storyboard */ = {
			isa = PBXVariantGroup;
			children = (
				85B654DD21BEFCA500F4BC75 /* Base */,
			);
			name = Main.storyboard;
			sourceTree = "<group>";
		};
		85B654E421BEFCA800F4BC75 /* LaunchScreen.storyboard */ = {
			isa = PBXVariantGroup;
			children = (
				85B654E521BEFCA800F4BC75 /* Base */,
			);
			name = LaunchScreen.storyboard;
			sourceTree = "<group>";
		};
/* End PBXVariantGroup section */

/* Begin XCBuildConfiguration section */
		85B654FE21BEFCA800F4BC75 /* Debug */ = {
			isa = XCBuildConfiguration;
			buildSettings = {
				ALWAYS_SEARCH_USER_PATHS = NO;
				CLANG_ANALYZER_NONNULL = YES;
				CLANG_ANALYZER_NUMBER_OBJECT_CONVERSION = YES_AGGRESSIVE;
				CLANG_CXX_LANGUAGE_STANDARD = "gnu++14";
				CLANG_CXX_LIBRARY = "libc++";
				CLANG_ENABLE_MODULES = YES;
				CLANG_ENABLE_OBJC_ARC = YES;
				CLANG_ENABLE_OBJC_WEAK = YES;
				CLANG_WARN_BLOCK_CAPTURE_AUTORELEASING = YES;
				CLANG_WARN_BOOL_CONVERSION = YES;
				CLANG_WARN_COMMA = YES;
				CLANG_WARN_CONSTANT_CONVERSION = YES;
				CLANG_WARN_DEPRECATED_OBJC_IMPLEMENTATIONS = YES;
				CLANG_WARN_DIRECT_OBJC_ISA_USAGE = YES_ERROR;
				CLANG_WARN_DOCUMENTATION_COMMENTS = YES;
				CLANG_WARN_EMPTY_BODY = YES;
				CLANG_WARN_ENUM_CONVERSION = YES;
				CLANG_WARN_INFINITE_RECURSION = YES;
				CLANG_WARN_INT_CONVERSION = YES;
				CLANG_WARN_NON_LITERAL_NULL_CONVERSION = YES;
				CLANG_WARN_OBJC_IMPLICIT_RETAIN_SELF = YES;
				CLANG_WARN_OBJC_LITERAL_CONVERSION = YES;
				CLANG_WARN_OBJC_ROOT_CLASS = YES_ERROR;
				CLANG_WARN_RANGE_LOOP_ANALYSIS = YES;
				CLANG_WARN_STRICT_PROTOTYPES = YES;
				CLANG_WARN_SUSPICIOUS_MOVE = YES;
				CLANG_WARN_UNGUARDED_AVAILABILITY = YES_AGGRESSIVE;
				CLANG_WARN_UNREACHABLE_CODE = YES;
				CLANG_WARN__DUPLICATE_METHOD_MATCH = YES;
				CODE_SIGN_IDENTITY = "iPhone Developer";
				COPY_PHASE_STRIP = NO;
				DEBUG_INFORMATION_FORMAT = dwarf;
				ENABLE_STRICT_OBJC_MSGSEND = YES;
				ENABLE_TESTABILITY = YES;
				GCC_C_LANGUAGE_STANDARD = gnu11;
				GCC_DYNAMIC_NO_PIC = NO;
				GCC_NO_COMMON_BLOCKS = YES;
				GCC_OPTIMIZATION_LEVEL = 0;
				GCC_PREPROCESSOR_DEFINITIONS = (
					"DEBUG=1",
					"$(inherited)",
				);
				GCC_WARN_64_TO_32_BIT_CONVERSION = YES;
				GCC_WARN_ABOUT_RETURN_TYPE = YES_ERROR;
				GCC_WARN_UNDECLARED_SELECTOR = YES;
				GCC_WARN_UNINITIALIZED_AUTOS = YES_AGGRESSIVE;
				GCC_WARN_UNUSED_FUNCTION = YES;
				GCC_WARN_UNUSED_VARIABLE = YES;
				IPHONEOS_DEPLOYMENT_TARGET = 12.0;
				MTL_ENABLE_DEBUG_INFO = INCLUDE_SOURCE;
				MTL_FAST_MATH = YES;
				ONLY_ACTIVE_ARCH = YES;
				SDKROOT = iphoneos;
				SWIFT_ACTIVE_COMPILATION_CONDITIONS = DEBUG;
				SWIFT_OPTIMIZATION_LEVEL = "-Onone";
			};
			name = Debug;
		};
		85B654FF21BEFCA800F4BC75 /* Release */ = {
			isa = XCBuildConfiguration;
			buildSettings = {
				ALWAYS_SEARCH_USER_PATHS = NO;
				CLANG_ANALYZER_NONNULL = YES;
				CLANG_ANALYZER_NUMBER_OBJECT_CONVERSION = YES_AGGRESSIVE;
				CLANG_CXX_LANGUAGE_STANDARD = "gnu++14";
				CLANG_CXX_LIBRARY = "libc++";
				CLANG_ENABLE_MODULES = YES;
				CLANG_ENABLE_OBJC_ARC = YES;
				CLANG_ENABLE_OBJC_WEAK = YES;
				CLANG_WARN_BLOCK_CAPTURE_AUTORELEASING = YES;
				CLANG_WARN_BOOL_CONVERSION = YES;
				CLANG_WARN_COMMA = YES;
				CLANG_WARN_CONSTANT_CONVERSION = YES;
				CLANG_WARN_DEPRECATED_OBJC_IMPLEMENTATIONS = YES;
				CLANG_WARN_DIRECT_OBJC_ISA_USAGE = YES_ERROR;
				CLANG_WARN_DOCUMENTATION_COMMENTS = YES;
				CLANG_WARN_EMPTY_BODY = YES;
				CLANG_WARN_ENUM_CONVERSION = YES;
				CLANG_WARN_INFINITE_RECURSION = YES;
				CLANG_WARN_INT_CONVERSION = YES;
				CLANG_WARN_NON_LITERAL_NULL_CONVERSION = YES;
				CLANG_WARN_OBJC_IMPLICIT_RETAIN_SELF = YES;
				CLANG_WARN_OBJC_LITERAL_CONVERSION = YES;
				CLANG_WARN_OBJC_ROOT_CLASS = YES_ERROR;
				CLANG_WARN_RANGE_LOOP_ANALYSIS = YES;
				CLANG_WARN_STRICT_PROTOTYPES = YES;
				CLANG_WARN_SUSPICIOUS_MOVE = YES;
				CLANG_WARN_UNGUARDED_AVAILABILITY = YES_AGGRESSIVE;
				CLANG_WARN_UNREACHABLE_CODE = YES;
				CLANG_WARN__DUPLICATE_METHOD_MATCH = YES;
				CODE_SIGN_IDENTITY = "iPhone Developer";
				COPY_PHASE_STRIP = NO;
				DEBUG_INFORMATION_FORMAT = "dwarf-with-dsym";
				ENABLE_NS_ASSERTIONS = NO;
				ENABLE_STRICT_OBJC_MSGSEND = YES;
				GCC_C_LANGUAGE_STANDARD = gnu11;
				GCC_NO_COMMON_BLOCKS = YES;
				GCC_WARN_64_TO_32_BIT_CONVERSION = YES;
				GCC_WARN_ABOUT_RETURN_TYPE = YES_ERROR;
				GCC_WARN_UNDECLARED_SELECTOR = YES;
				GCC_WARN_UNINITIALIZED_AUTOS = YES_AGGRESSIVE;
				GCC_WARN_UNUSED_FUNCTION = YES;
				GCC_WARN_UNUSED_VARIABLE = YES;
				IPHONEOS_DEPLOYMENT_TARGET = 12.0;
				MTL_ENABLE_DEBUG_INFO = NO;
				MTL_FAST_MATH = YES;
				SDKROOT = iphoneos;
				SWIFT_COMPILATION_MODE = wholemodule;
				SWIFT_OPTIMIZATION_LEVEL = "-O";
				VALIDATE_PRODUCT = YES;
			};
			name = Release;
		};
		85B6550121BEFCA800F4BC75 /* Debug */ = {
			isa = XCBuildConfiguration;
			buildSettings = {
				ASSETCATALOG_COMPILER_APPICON_NAME = AppIcon;
				CODE_SIGN_STYLE = Automatic;
				DEVELOPMENT_TEAM = 2W9XDB5J5L;
				INFOPLIST_FILE = CoderGirlFinal/Info.plist;
				LD_RUNPATH_SEARCH_PATHS = (
					"$(inherited)",
					"@executable_path/Frameworks",
				);
				PRODUCT_BUNDLE_IDENTIFIER = com.iOSclass.CoderGirlFinal;
				PRODUCT_NAME = "$(TARGET_NAME)";
				SWIFT_VERSION = 4.2;
				TARGETED_DEVICE_FAMILY = "1,2";
			};
			name = Debug;
		};
		85B6550221BEFCA800F4BC75 /* Release */ = {
			isa = XCBuildConfiguration;
			buildSettings = {
				ASSETCATALOG_COMPILER_APPICON_NAME = AppIcon;
				CODE_SIGN_STYLE = Automatic;
				DEVELOPMENT_TEAM = 2W9XDB5J5L;
				INFOPLIST_FILE = CoderGirlFinal/Info.plist;
				LD_RUNPATH_SEARCH_PATHS = (
					"$(inherited)",
					"@executable_path/Frameworks",
				);
				PRODUCT_BUNDLE_IDENTIFIER = com.iOSclass.CoderGirlFinal;
				PRODUCT_NAME = "$(TARGET_NAME)";
				SWIFT_VERSION = 4.2;
				TARGETED_DEVICE_FAMILY = "1,2";
			};
			name = Release;
		};
		85B6550421BEFCA800F4BC75 /* Debug */ = {
			isa = XCBuildConfiguration;
			buildSettings = {
				ALWAYS_EMBED_SWIFT_STANDARD_LIBRARIES = YES;
				BUNDLE_LOADER = "$(TEST_HOST)";
				CODE_SIGN_STYLE = Automatic;
				DEVELOPMENT_TEAM = 2W9XDB5J5L;
				INFOPLIST_FILE = CoderGirlFinalTests/Info.plist;
				LD_RUNPATH_SEARCH_PATHS = (
					"$(inherited)",
					"@executable_path/Frameworks",
					"@loader_path/Frameworks",
				);
				PRODUCT_BUNDLE_IDENTIFIER = com.iOSclass.CoderGirlFinalTests;
				PRODUCT_NAME = "$(TARGET_NAME)";
				SWIFT_VERSION = 4.2;
				TARGETED_DEVICE_FAMILY = "1,2";
				TEST_HOST = "$(BUILT_PRODUCTS_DIR)/CoderGirlFinal.app/CoderGirlFinal";
			};
			name = Debug;
		};
		85B6550521BEFCA800F4BC75 /* Release */ = {
			isa = XCBuildConfiguration;
			buildSettings = {
				ALWAYS_EMBED_SWIFT_STANDARD_LIBRARIES = YES;
				BUNDLE_LOADER = "$(TEST_HOST)";
				CODE_SIGN_STYLE = Automatic;
				DEVELOPMENT_TEAM = 2W9XDB5J5L;
				INFOPLIST_FILE = CoderGirlFinalTests/Info.plist;
				LD_RUNPATH_SEARCH_PATHS = (
					"$(inherited)",
					"@executable_path/Frameworks",
					"@loader_path/Frameworks",
				);
				PRODUCT_BUNDLE_IDENTIFIER = com.iOSclass.CoderGirlFinalTests;
				PRODUCT_NAME = "$(TARGET_NAME)";
				SWIFT_VERSION = 4.2;
				TARGETED_DEVICE_FAMILY = "1,2";
				TEST_HOST = "$(BUILT_PRODUCTS_DIR)/CoderGirlFinal.app/CoderGirlFinal";
			};
			name = Release;
		};
		85B6550721BEFCA800F4BC75 /* Debug */ = {
			isa = XCBuildConfiguration;
			buildSettings = {
				ALWAYS_EMBED_SWIFT_STANDARD_LIBRARIES = YES;
				CODE_SIGN_STYLE = Automatic;
				DEVELOPMENT_TEAM = 2W9XDB5J5L;
				INFOPLIST_FILE = CoderGirlFinalUITests/Info.plist;
				LD_RUNPATH_SEARCH_PATHS = (
					"$(inherited)",
					"@executable_path/Frameworks",
					"@loader_path/Frameworks",
				);
				PRODUCT_BUNDLE_IDENTIFIER = com.iOSclass.CoderGirlFinalUITests;
				PRODUCT_NAME = "$(TARGET_NAME)";
				SWIFT_VERSION = 4.2;
				TARGETED_DEVICE_FAMILY = "1,2";
				TEST_TARGET_NAME = CoderGirlFinal;
			};
			name = Debug;
		};
		85B6550821BEFCA800F4BC75 /* Release */ = {
			isa = XCBuildConfiguration;
			buildSettings = {
				ALWAYS_EMBED_SWIFT_STANDARD_LIBRARIES = YES;
				CODE_SIGN_STYLE = Automatic;
				DEVELOPMENT_TEAM = 2W9XDB5J5L;
				INFOPLIST_FILE = CoderGirlFinalUITests/Info.plist;
				LD_RUNPATH_SEARCH_PATHS = (
					"$(inherited)",
					"@executable_path/Frameworks",
					"@loader_path/Frameworks",
				);
				PRODUCT_BUNDLE_IDENTIFIER = com.iOSclass.CoderGirlFinalUITests;
				PRODUCT_NAME = "$(TARGET_NAME)";
				SWIFT_VERSION = 4.2;
				TARGETED_DEVICE_FAMILY = "1,2";
				TEST_TARGET_NAME = CoderGirlFinal;
			};
			name = Release;
		};
/* End XCBuildConfiguration section */

/* Begin XCConfigurationList section */
		85B654D021BEFCA500F4BC75 /* Build configuration list for PBXProject "CoderGirlFinal" */ = {
			isa = XCConfigurationList;
			buildConfigurations = (
				85B654FE21BEFCA800F4BC75 /* Debug */,
				85B654FF21BEFCA800F4BC75 /* Release */,
			);
			defaultConfigurationIsVisible = 0;
			defaultConfigurationName = Release;
		};
		85B6550021BEFCA800F4BC75 /* Build configuration list for PBXNativeTarget "CoderGirlFinal" */ = {
			isa = XCConfigurationList;
			buildConfigurations = (
				85B6550121BEFCA800F4BC75 /* Debug */,
				85B6550221BEFCA800F4BC75 /* Release */,
			);
			defaultConfigurationIsVisible = 0;
			defaultConfigurationName = Release;
		};
		85B6550321BEFCA800F4BC75 /* Build configuration list for PBXNativeTarget "CoderGirlFinalTests" */ = {
			isa = XCConfigurationList;
			buildConfigurations = (
				85B6550421BEFCA800F4BC75 /* Debug */,
				85B6550521BEFCA800F4BC75 /* Release */,
			);
			defaultConfigurationIsVisible = 0;
			defaultConfigurationName = Release;
		};
		85B6550621BEFCA800F4BC75 /* Build configuration list for PBXNativeTarget "CoderGirlFinalUITests" */ = {
			isa = XCConfigurationList;
			buildConfigurations = (
				85B6550721BEFCA800F4BC75 /* Debug */,
				85B6550821BEFCA800F4BC75 /* Release */,
			);
			defaultConfigurationIsVisible = 0;
			defaultConfigurationName = Release;
		};
/* End XCConfigurationList section */

/* Begin XCVersionGroup section */
		85B654DF21BEFCA500F4BC75 /* CoderGirlFinal.xcdatamodeld */ = {
			isa = XCVersionGroup;
			children = (
				85B654E021BEFCA500F4BC75 /* CoderGirlFinal.xcdatamodel */,
			);
			currentVersion = 85B654E021BEFCA500F4BC75 /* CoderGirlFinal.xcdatamodel */;
			path = CoderGirlFinal.xcdatamodeld;
			sourceTree = "<group>";
			versionGroupType = wrapper.xcdatamodel;
		};
/* End XCVersionGroup section */
	};
	rootObject = 85B654CD21BEFCA500F4BC75 /* Project object */;
}
